{
  "name": "gateway-server",
  "version": "0.0.1",
  "lockfileVersion": 3,
  "requires": true,
  "packages": {
    "": {
      "name": "gateway-server",
      "version": "0.0.1",
      "license": "UNLICENSED",
      "devDependencies": {},
      "engines": {
        "node": "=18"
      }
    }
  }
}
